
Microsoft Visual Studio Solution File, Format Version 12.00
# Visual Studio Version 17
VisualStudioVersion = 17.11.35327.3
MinimumVisualStudioVersion = 10.0.40219.1
Project("{FAE04EC0-301F-11D3-BF4B-00C04F79EFBC}") = "ex1", "ex1.csproj", "{227ED5B2-2085-41F2-97D0-C93565D2CE0F}"
EndProject
Global
	GlobalSection(SolutionConfigurationPlatforms) = preSolution
		Debug|Any CPU = Debug|Any CPU
		Release|Any CPU = Release|Any CPU
	EndGlobalSection
	GlobalSection(ProjectConfigurationPlatforms) = postSolution
		{227ED5B2-2085-41F2-97D0-C93565D2CE0F}.Debug|Any CPU.ActiveCfg = Debug|Any CPU
		{227ED5B2-2085-41F2-97D0-C93565D2CE0F}.Debug|Any CPU.Build.0 = Debug|Any CPU
		{227ED5B2-2085-41F2-97D0-C93565D2CE0F}.Release|Any CPU.ActiveCfg = Release|Any CPU
		{227ED5B2-2085-41F2-97D0-C93565D2CE0F}.Release|Any CPU.Build.0 = Release|Any CPU
	EndGlobalSection
	GlobalSection(SolutionProperties) = preSolution
		HideSolutionNode = FALSE
	EndGlobalSection
	GlobalSection(ExtensibilityGlobals) = postSolution
		SolutionGuid = {9AE16312-9BD7-4FA2-9BCB-B2530B39E5B5}
	EndGlobalSection
EndGlobal
